
Microsoft Visual Studio Solution File, Format Version 12.00
# Visual Studio Version 16
VisualStudioVersion = 16.0.29728.190
MinimumVisualStudioVersion = 10.0.40219.1
Project("{FAE04EC0-301F-11D3-BF4B-00C04F79EFBC}") = "MyFileServer", "MyFileServer\MyFileServer.csproj", "{4E1C0C1E-EFFB-443B-A633-E4C7BDE363B0}"
EndProject
Project("{FAE04EC0-301F-11D3-BF4B-00C04F79EFBC}") = "PacketLib", "PacketLib\PacketLib.csproj", "{EDFCAAF4-F677-4639-9B41-98B33BF45A3B}"
EndProject
Project("{FAE04EC0-301F-11D3-BF4B-00C04F79EFBC}") = "ClientUI", "ClientUI\ClientUI.csproj", "{ED51CEBB-58F8-4B99-9460-6F5DDF508C1E}"
EndProject
Global
	GlobalSection(SolutionConfigurationPlatforms) = preSolution
		Debug|Any CPU = Debug|Any CPU
		Release|Any CPU = Release|Any CPU
	EndGlobalSection
	GlobalSection(ProjectConfigurationPlatforms) = postSolution
		{4E1C0C1E-EFFB-443B-A633-E4C7BDE363B0}.Debug|Any CPU.ActiveCfg = Debug|Any CPU
		{4E1C0C1E-EFFB-443B-A633-E4C7BDE363B0}.Debug|Any CPU.Build.0 = Debug|Any CPU
		{4E1C0C1E-EFFB-443B-A633-E4C7BDE363B0}.Release|Any CPU.ActiveCfg = Release|Any CPU
		{4E1C0C1E-EFFB-443B-A633-E4C7BDE363B0}.Release|Any CPU.Build.0 = Release|Any CPU
		{EDFCAAF4-F677-4639-9B41-98B33BF45A3B}.Debug|Any CPU.ActiveCfg = Debug|Any CPU
		{EDFCAAF4-F677-4639-9B41-98B33BF45A3B}.Debug|Any CPU.Build.0 = Debug|Any CPU
		{EDFCAAF4-F677-4639-9B41-98B33BF45A3B}.Release|Any CPU.ActiveCfg = Release|Any CPU
		{EDFCAAF4-F677-4639-9B41-98B33BF45A3B}.Release|Any CPU.Build.0 = Release|Any CPU
		{ED51CEBB-58F8-4B99-9460-6F5DDF508C1E}.Debug|Any CPU.ActiveCfg = Debug|Any CPU
		{ED51CEBB-58F8-4B99-9460-6F5DDF508C1E}.Debug|Any CPU.Build.0 = Debug|Any CPU
		{ED51CEBB-58F8-4B99-9460-6F5DDF508C1E}.Release|Any CPU.ActiveCfg = Release|Any CPU
		{ED51CEBB-58F8-4B99-9460-6F5DDF508C1E}.Release|Any CPU.Build.0 = Release|Any CPU
	EndGlobalSection
	GlobalSection(SolutionProperties) = preSolution
		HideSolutionNode = FALSE
	EndGlobalSection
	GlobalSection(ExtensibilityGlobals) = postSolution
		SolutionGuid = {5904A533-E90A-43D3-990F-CF09B4D41CEE}
	EndGlobalSection
EndGlobal
